
Microsoft Visual Studio Solution File, Format Version 12.00
# Visual Studio Version 17
VisualStudioVersion = 17.11.35312.102
MinimumVisualStudioVersion = 10.0.40219.1
Project("{2150E333-8FDC-42A3-9474-1A3956D46DE8}") = "Services", "Services", "{CCF25CDC-24A9-4F85-A8C0-C57153DF86AD}"
EndProject
Project("{2150E333-8FDC-42A3-9474-1A3956D46DE8}") = "Catalog", "Catalog", "{B4310747-F37E-45E7-922D-B6918A3D4E87}"
EndProject
Project("{9A19103F-16F7-4668-BE54-9A1E7A4F7556}") = "MultiShop.Catalog", "Services\Catalog\MultiShop.Catalog\MultiShop.Catalog.csproj", "{401A33C5-18AF-4764-9CED-809579AC4E64}"
EndProject
Project("{2150E333-8FDC-42A3-9474-1A3956D46DE8}") = "Discount", "Discount", "{76A5F67D-54CA-4BF9-93C2-B950E2A18CE1}"
EndProject
Project("{9A19103F-16F7-4668-BE54-9A1E7A4F7556}") = "MultiShop.Discount", "Services\Discount\MultiShop.Discount\MultiShop.Discount.csproj", "{6DD30E2F-2505-4D35-AA96-19F3024F2DF0}"
EndProject
Project("{2150E333-8FDC-42A3-9474-1A3956D46DE8}") = "Order", "Order", "{89C07360-C7DF-40EB-BFF8-752FF21B2A77}"
EndProject
Project("{2150E333-8FDC-42A3-9474-1A3956D46DE8}") = "Core", "Core", "{9610BE21-AAA9-43AF-91DC-44A613E223AB}"
EndProject
Project("{2150E333-8FDC-42A3-9474-1A3956D46DE8}") = "Presentation", "Presentation", "{08936EDC-8AB1-4775-9D19-34CB45EFD435}"
EndProject
Project("{2150E333-8FDC-42A3-9474-1A3956D46DE8}") = "Infrastructure", "Infrastructure", "{9FB5E123-45AC-4957-8885-4890C7A8B98D}"
EndProject
Project("{9A19103F-16F7-4668-BE54-9A1E7A4F7556}") = "MultiShop.Order.Domain", "Services\Order\Core\MultiShop.Order.Domain\MultiShop.Order.Domain.csproj", "{1CD533B0-8371-46E7-8E76-DE04BD1090B8}"
EndProject
Project("{9A19103F-16F7-4668-BE54-9A1E7A4F7556}") = "MultiShop.Order.Application", "Services\Order\Core\MultiShop.Order.Application\MultiShop.Order.Application.csproj", "{F8082AB0-DC10-4A3E-BE0D-639D615BE130}"
EndProject
Project("{9A19103F-16F7-4668-BE54-9A1E7A4F7556}") = "MultiShop.Order.Persistence", "Services\Order\Infrastructure\MultiShop.Order.Persistence\MultiShop.Order.Persistence.csproj", "{FD86C84F-D198-4FBB-80D4-1DE48A366E4F}"
EndProject
Project("{9A19103F-16F7-4668-BE54-9A1E7A4F7556}") = "MultiShop.Order.WebApi", "Services\Order\Presentation\MultiShop.Order.WebApi\MultiShop.Order.WebApi.csproj", "{1C322676-E270-4F2C-B10C-0AFE9552A96C}"
EndProject
Project("{2150E333-8FDC-42A3-9474-1A3956D46DE8}") = "IdentityServer", "IdentityServer", "{7B24ECB4-46FB-4508-A403-FEBF39CB9B58}"
EndProject
Project("{9A19103F-16F7-4668-BE54-9A1E7A4F7556}") = "MultiShop.IdentityServer", "IdentityServer\MultiShop.IdentityServer\MultiShop.IdentityServer.csproj", "{308718F9-5043-413E-BDCB-3E1775268C85}"
EndProject
Project("{2150E333-8FDC-42A3-9474-1A3956D46DE8}") = "Cargo", "Cargo", "{E2C13B40-DDDC-4E47-A288-57BC30F7887A}"
EndProject
Project("{FAE04EC0-301F-11D3-BF4B-00C04F79EFBC}") = "MultiShop.Cargo.EntityLayer", "Services\Cargo\MultiShop.Cargo.EntityLayer\MultiShop.Cargo.EntityLayer.csproj", "{D6F749DF-832E-4D0D-B64C-0FDED102491B}"
EndProject
Project("{FAE04EC0-301F-11D3-BF4B-00C04F79EFBC}") = "MultiShop.Cargo.BusinessLayer", "Services\Cargo\MultiShop.Cargo.BusinessLayer\MultiShop.Cargo.BusinessLayer.csproj", "{420A538B-A450-42AF-A6E8-28E05BF18196}"
EndProject
Project("{FAE04EC0-301F-11D3-BF4B-00C04F79EFBC}") = "MultiShop.Cargo.DataAccessLayer", "Services\Cargo\MultiShop.Cargo.DataAccessLayer\MultiShop.Cargo.DataAccessLayer.csproj", "{96F7F9DF-5CD3-4B03-9AC1-552EA897AC4F}"
EndProject
Project("{FAE04EC0-301F-11D3-BF4B-00C04F79EFBC}") = "MultiShop.Cargo.Dto", "Services\Cargo\MultiShop.Cargo.Dto\MultiShop.Cargo.Dto.csproj", "{2D6C4F18-E452-46A3-AA42-59B14226429D}"
EndProject
Project("{FAE04EC0-301F-11D3-BF4B-00C04F79EFBC}") = "MultiShop.Cargo.WebApi", "Services\Cargo\MultiShop.Cargo.WebApi\MultiShop.Cargo.WebApi.csproj", "{8E9B2E60-E6EA-4EB6-A342-9A7DDAB839D1}"
EndProject
Global
	GlobalSection(SolutionConfigurationPlatforms) = preSolution
		Debug|Any CPU = Debug|Any CPU
		Release|Any CPU = Release|Any CPU
	EndGlobalSection
	GlobalSection(ProjectConfigurationPlatforms) = postSolution
		{401A33C5-18AF-4764-9CED-809579AC4E64}.Debug|Any CPU.ActiveCfg = Debug|Any CPU
		{401A33C5-18AF-4764-9CED-809579AC4E64}.Debug|Any CPU.Build.0 = Debug|Any CPU
		{401A33C5-18AF-4764-9CED-809579AC4E64}.Release|Any CPU.ActiveCfg = Release|Any CPU
		{401A33C5-18AF-4764-9CED-809579AC4E64}.Release|Any CPU.Build.0 = Release|Any CPU
		{6DD30E2F-2505-4D35-AA96-19F3024F2DF0}.Debug|Any CPU.ActiveCfg = Debug|Any CPU
		{6DD30E2F-2505-4D35-AA96-19F3024F2DF0}.Debug|Any CPU.Build.0 = Debug|Any CPU
		{6DD30E2F-2505-4D35-AA96-19F3024F2DF0}.Release|Any CPU.ActiveCfg = Release|Any CPU
		{6DD30E2F-2505-4D35-AA96-19F3024F2DF0}.Release|Any CPU.Build.0 = Release|Any CPU
		{1CD533B0-8371-46E7-8E76-DE04BD1090B8}.Debug|Any CPU.ActiveCfg = Debug|Any CPU
		{1CD533B0-8371-46E7-8E76-DE04BD1090B8}.Debug|Any CPU.Build.0 = Debug|Any CPU
		{1CD533B0-8371-46E7-8E76-DE04BD1090B8}.Release|Any CPU.ActiveCfg = Release|Any CPU
		{1CD533B0-8371-46E7-8E76-DE04BD1090B8}.Release|Any CPU.Build.0 = Release|Any CPU
		{F8082AB0-DC10-4A3E-BE0D-639D615BE130}.Debug|Any CPU.ActiveCfg = Debug|Any CPU
		{F8082AB0-DC10-4A3E-BE0D-639D615BE130}.Debug|Any CPU.Build.0 = Debug|Any CPU
		{F8082AB0-DC10-4A3E-BE0D-639D615BE130}.Release|Any CPU.ActiveCfg = Release|Any CPU
		{F8082AB0-DC10-4A3E-BE0D-639D615BE130}.Release|Any CPU.Build.0 = Release|Any CPU
		{FD86C84F-D198-4FBB-80D4-1DE48A366E4F}.Debug|Any CPU.ActiveCfg = Debug|Any CPU
		{FD86C84F-D198-4FBB-80D4-1DE48A366E4F}.Debug|Any CPU.Build.0 = Debug|Any CPU
		{FD86C84F-D198-4FBB-80D4-1DE48A366E4F}.Release|Any CPU.ActiveCfg = Release|Any CPU
		{FD86C84F-D198-4FBB-80D4-1DE48A366E4F}.Release|Any CPU.Build.0 = Release|Any CPU
		{1C322676-E270-4F2C-B10C-0AFE9552A96C}.Debug|Any CPU.ActiveCfg = Debug|Any CPU
		{1C322676-E270-4F2C-B10C-0AFE9552A96C}.Debug|Any CPU.Build.0 = Debug|Any CPU
		{1C322676-E270-4F2C-B10C-0AFE9552A96C}.Release|Any CPU.ActiveCfg = Release|Any CPU
		{1C322676-E270-4F2C-B10C-0AFE9552A96C}.Release|Any CPU.Build.0 = Release|Any CPU
		{308718F9-5043-413E-BDCB-3E1775268C85}.Debug|Any CPU.ActiveCfg = Debug|Any CPU
		{308718F9-5043-413E-BDCB-3E1775268C85}.Debug|Any CPU.Build.0 = Debug|Any CPU
		{308718F9-5043-413E-BDCB-3E1775268C85}.Release|Any CPU.ActiveCfg = Release|Any CPU
		{308718F9-5043-413E-BDCB-3E1775268C85}.Release|Any CPU.Build.0 = Release|Any CPU
		{D6F749DF-832E-4D0D-B64C-0FDED102491B}.Debug|Any CPU.ActiveCfg = Debug|Any CPU
		{D6F749DF-832E-4D0D-B64C-0FDED102491B}.Debug|Any CPU.Build.0 = Debug|Any CPU
		{D6F749DF-832E-4D0D-B64C-0FDED102491B}.Release|Any CPU.ActiveCfg = Release|Any CPU
		{D6F749DF-832E-4D0D-B64C-0FDED102491B}.Release|Any CPU.Build.0 = Release|Any CPU
		{420A538B-A450-42AF-A6E8-28E05BF18196}.Debug|Any CPU.ActiveCfg = Debug|Any CPU
		{420A538B-A450-42AF-A6E8-28E05BF18196}.Debug|Any CPU.Build.0 = Debug|Any CPU
		{420A538B-A450-42AF-A6E8-28E05BF18196}.Release|Any CPU.ActiveCfg = Release|Any CPU
		{420A538B-A450-42AF-A6E8-28E05BF18196}.Release|Any CPU.Build.0 = Release|Any CPU
		{96F7F9DF-5CD3-4B03-9AC1-552EA897AC4F}.Debug|Any CPU.ActiveCfg = Debug|Any CPU
		{96F7F9DF-5CD3-4B03-9AC1-552EA897AC4F}.Debug|Any CPU.Build.0 = Debug|Any CPU
		{96F7F9DF-5CD3-4B03-9AC1-552EA897AC4F}.Release|Any CPU.ActiveCfg = Release|Any CPU
		{96F7F9DF-5CD3-4B03-9AC1-552EA897AC4F}.Release|Any CPU.Build.0 = Release|Any CPU
		{2D6C4F18-E452-46A3-AA42-59B14226429D}.Debug|Any CPU.ActiveCfg = Debug|Any CPU
		{2D6C4F18-E452-46A3-AA42-59B14226429D}.Debug|Any CPU.Build.0 = Debug|Any CPU
		{2D6C4F18-E452-46A3-AA42-59B14226429D}.Release|Any CPU.ActiveCfg = Release|Any CPU
		{2D6C4F18-E452-46A3-AA42-59B14226429D}.Release|Any CPU.Build.0 = Release|Any CPU
		{8E9B2E60-E6EA-4EB6-A342-9A7DDAB839D1}.Debug|Any CPU.ActiveCfg = Debug|Any CPU
		{8E9B2E60-E6EA-4EB6-A342-9A7DDAB839D1}.Debug|Any CPU.Build.0 = Debug|Any CPU
		{8E9B2E60-E6EA-4EB6-A342-9A7DDAB839D1}.Release|Any CPU.ActiveCfg = Release|Any CPU
		{8E9B2E60-E6EA-4EB6-A342-9A7DDAB839D1}.Release|Any CPU.Build.0 = Release|Any CPU
	EndGlobalSection
	GlobalSection(SolutionProperties) = preSolution
		HideSolutionNode = FALSE
	EndGlobalSection
	GlobalSection(NestedProjects) = preSolution
		{B4310747-F37E-45E7-922D-B6918A3D4E87} = {CCF25CDC-24A9-4F85-A8C0-C57153DF86AD}
		{401A33C5-18AF-4764-9CED-809579AC4E64} = {B4310747-F37E-45E7-922D-B6918A3D4E87}
		{76A5F67D-54CA-4BF9-93C2-B950E2A18CE1} = {CCF25CDC-24A9-4F85-A8C0-C57153DF86AD}
		{6DD30E2F-2505-4D35-AA96-19F3024F2DF0} = {76A5F67D-54CA-4BF9-93C2-B950E2A18CE1}
		{89C07360-C7DF-40EB-BFF8-752FF21B2A77} = {CCF25CDC-24A9-4F85-A8C0-C57153DF86AD}
		{9610BE21-AAA9-43AF-91DC-44A613E223AB} = {89C07360-C7DF-40EB-BFF8-752FF21B2A77}
		{08936EDC-8AB1-4775-9D19-34CB45EFD435} = {89C07360-C7DF-40EB-BFF8-752FF21B2A77}
		{9FB5E123-45AC-4957-8885-4890C7A8B98D} = {89C07360-C7DF-40EB-BFF8-752FF21B2A77}
		{1CD533B0-8371-46E7-8E76-DE04BD1090B8} = {9610BE21-AAA9-43AF-91DC-44A613E223AB}
		{F8082AB0-DC10-4A3E-BE0D-639D615BE130} = {9610BE21-AAA9-43AF-91DC-44A613E223AB}
		{FD86C84F-D198-4FBB-80D4-1DE48A366E4F} = {9FB5E123-45AC-4957-8885-4890C7A8B98D}
		{1C322676-E270-4F2C-B10C-0AFE9552A96C} = {08936EDC-8AB1-4775-9D19-34CB45EFD435}
		{308718F9-5043-413E-BDCB-3E1775268C85} = {7B24ECB4-46FB-4508-A403-FEBF39CB9B58}
		{E2C13B40-DDDC-4E47-A288-57BC30F7887A} = {CCF25CDC-24A9-4F85-A8C0-C57153DF86AD}
		{D6F749DF-832E-4D0D-B64C-0FDED102491B} = {E2C13B40-DDDC-4E47-A288-57BC30F7887A}
		{420A538B-A450-42AF-A6E8-28E05BF18196} = {E2C13B40-DDDC-4E47-A288-57BC30F7887A}
		{96F7F9DF-5CD3-4B03-9AC1-552EA897AC4F} = {E2C13B40-DDDC-4E47-A288-57BC30F7887A}
		{2D6C4F18-E452-46A3-AA42-59B14226429D} = {E2C13B40-DDDC-4E47-A288-57BC30F7887A}
		{8E9B2E60-E6EA-4EB6-A342-9A7DDAB839D1} = {E2C13B40-DDDC-4E47-A288-57BC30F7887A}
	EndGlobalSection
	GlobalSection(ExtensibilityGlobals) = postSolution
		SolutionGuid = {DD3467F6-69F7-4DF0-91B0-C32CC378A5BC}
	EndGlobalSection
EndGlobal
